// !$*UTF8*$!
{
	archiveVersion = 1;
	classes = {
	};
	objectVersion = 50;
	objects = {

/* Begin PBXBuildFile section */
		042A8484242C623C00F8DB3E /* AppDelegate.swift in Sources */ = {isa = PBXBuildFile; fileRef = 042A8483242C623C00F8DB3E /* AppDelegate.swift */; };
		042A8486242C623C00F8DB3E /* art.scnassets in Resources */ = {isa = PBXBuildFile; fileRef = 042A8485242C623C00F8DB3E /* art.scnassets */; };
		042A8488242C623C00F8DB3E /* ViewController.swift in Sources */ = {isa = PBXBuildFile; fileRef = 042A8487242C623C00F8DB3E /* ViewController.swift */; };
		042A848B242C623C00F8DB3E /* Main.storyboard in Resources */ = {isa = PBXBuildFile; fileRef = 042A8489242C623C00F8DB3E /* Main.storyboard */; };
		042A848D242C624100F8DB3E /* Assets.xcassets in Resources */ = {isa = PBXBuildFile; fileRef = 042A848C242C624100F8DB3E /* Assets.xcassets */; };
		042A8490242C624100F8DB3E /* LaunchScreen.storyboard in Resources */ = {isa = PBXBuildFile; fileRef = 042A848E242C624100F8DB3E /* LaunchScreen.storyboard */; };
/* End PBXBuildFile section */

/* Begin PBXFileReference section */
		042A8480242C623C00F8DB3E /* AR-Measurement.app */ = {isa = PBXFileReference; explicitFileType = wrapper.application; includeInIndex = 0; path = "AR-Measurement.app"; sourceTree = BUILT_PRODUCTS_DIR; };
		042A8483242C623C00F8DB3E /* AppDelegate.swift */ = {isa = PBXFileReference; lastKnownFileType = sourcecode.swift; path = AppDelegate.swift; sourceTree = "<group>"; };
		042A8485242C623C00F8DB3E /* art.scnassets */ = {isa = PBXFileReference; lastKnownFileType = wrapper.scnassets; path = art.scnassets; sourceTree = "<group>"; };
		042A8487242C623C00F8DB3E /* ViewController.swift */ = {isa = PBXFileReference; lastKnownFileType = sourcecode.swift; path = ViewController.swift; sourceTree = "<group>"; };
		042A848A242C623C00F8DB3E /* Base */ = {isa = PBXFileReference; lastKnownFileType = file.storyboard; name = Base; path = Base.lproj/Main.storyboard; sourceTree = "<group>"; };
		042A848C242C624100F8DB3E /* Assets.xcassets */ = {isa = PBXFileReference; lastKnownFileType = folder.assetcatalog; path = Assets.xcassets; sourceTree = "<group>"; };
		042A848F242C624100F8DB3E /* Base */ = {isa = PBXFileReference; lastKnownFileType = file.storyboard; name = Base; path = Base.lproj/LaunchScreen.storyboard; sourceTree = "<group>"; };
		042A8491242C624100F8DB3E /* Info.plist */ = {isa = PBXFileReference; lastKnownFileType = text.plist.xml; path = Info.plist; sourceTree = "<group>"; };
/* End PBXFileReference section */

/* Begin PBXFrameworksBuildPhase section */
		042A847D242C623C00F8DB3E /* Frameworks */ = {
			isa = PBXFrameworksBuildPhase;
			buildActionMask = 2147483647;
			files = (
			);
			runOnlyForDeploymentPostprocessing = 0;
		};
/* End PBXFrameworksBuildPhase section */

/* Begin PBXGroup section */
		042A8477242C623C00F8DB3E = {
			isa = PBXGroup;
			children = (
				042A8482242C623C00F8DB3E /* AR-Measurement */,
				042A8481242C623C00F8DB3E /* Products */,
			);
			sourceTree = "<group>";
		};
		042A8481242C623C00F8DB3E /* Products */ = {
			isa = PBXGroup;
			children = (
				042A8480242C623C00F8DB3E /* AR-Measurement.app */,
			);
			name = Products;
			sourceTree = "<group>";
		};
		042A8482242C623C00F8DB3E /* AR-Measurement */ = {
			isa = PBXGroup;
			children = (
				042A8483242C623C00F8DB3E /* AppDelegate.swift */,
				042A8485242C623C00F8DB3E /* art.scnassets */,
				042A8487242C623C00F8DB3E /* ViewController.swift */,
				042A8489242C623C00F8DB3E /* Main.storyboard */,
				042A848C242C624100F8DB3E /* Assets.xcassets */,
				042A848E242C624100F8DB3E /* LaunchScreen.storyboard */,
				042A8491242C624100F8DB3E /* Info.plist */,
			);
			path = "AR-Measurement";
			sourceTree = "<group>";
		};
/* End PBXGroup section */

/* Begin PBXNativeTarget section */
		042A847F242C623C00F8DB3E /* AR-Measurement */ = {
			isa = PBXNativeTarget;
			buildConfigurationList = 042A8494242C624100F8DB3E /* Build configuration list for PBXNativeTarget "AR-Measurement" */;
			buildPhases = (
				042A847C242C623C00F8DB3E /* Sources */,
				042A847D242C623C00F8DB3E /* Frameworks */,
				042A847E242C623C00F8DB3E /* Resources */,
			);
			buildRules = (
			);
			dependencies = (
			);
			name = "AR-Measurement";
			productName = "AR-Measurement";
			productReference = 042A8480242C623C00F8DB3E /* AR-Measurement.app */;
			productType = "com.apple.product-type.application";
		};
/* End PBXNativeTarget section */

/* Begin PBXProject section */
		042A8478242C623C00F8DB3E /* Project object */ = {
			isa = PBXProject;
			attributes = {
				LastSwiftUpdateCheck = 1130;
				LastUpgradeCheck = 1130;
				ORGANIZATIONNAME = "Avaneesh Pathak";
				TargetAttributes = {
					042A847F242C623C00F8DB3E = {
						CreatedOnToolsVersion = 11.3.1;
					};
				};
			};
			buildConfigurationList = 042A847B242C623C00F8DB3E /* Build configuration list for PBXProject "AR-Measurement" */;
			compatibilityVersion = "Xcode 9.3";
			developmentRegion = en;
			hasScannedForEncodings = 0;
			knownRegions = (
				en,
				Base,
			);
			mainGroup = 042A8477242C623C00F8DB3E;
			productRefGroup = 042A8481242C623C00F8DB3E /* Products */;
			projectDirPath = "";
			projectRoot = "";
			targets = (
				042A847F242C623C00F8DB3E /* AR-Measurement */,
			);
		};
/* End PBXProject section */

/* Begin PBXResourcesBuildPhase section */
		042A847E242C623C00F8DB3E /* Resources */ = {
			isa = PBXResourcesBuildPhase;
			buildActionMask = 2147483647;
			files = (
				042A8486242C623C00F8DB3E /* art.scnassets in Resources */,
				042A8490242C624100F8DB3E /* LaunchScreen.storyboard in Resources */,
				042A848D242C624100F8DB3E /* Assets.xcassets in Resources */,
				042A848B242C623C00F8DB3E /* Main.storyboard in Resources */,
			);
			runOnlyForDeploymentPostprocessing = 0;
		};
/* End PBXResourcesBuildPhase section */

/* Begin PBXSourcesBuildPhase section */
		042A847C242C623C00F8DB3E /* Sources */ = {
			isa = PBXSourcesBuildPhase;
			buildActionMask = 2147483647;
			files = (
				042A8488242C623C00F8DB3E /* ViewController.swift in Sources */,
				042A8484242C623C00F8DB3E /* AppDelegate.swift in Sources */,
			);
			runOnlyForDeploymentPostprocessing = 0;
		};
/* End PBXSourcesBuildPhase section */

/* Begin PBXVariantGroup section */
		042A8489242C623C00F8DB3E /* Main.storyboard */ = {
			isa = PBXVariantGroup;
			children = (
				042A848A242C623C00F8DB3E /* Base */,
			);
			name = Main.storyboard;
			sourceTree = "<group>";
		};
		042A848E242C624100F8DB3E /* LaunchScreen.storyboard */ = {
			isa = PBXVariantGroup;
			children = (
				042A848F242C624100F8DB3E /* Base */,
			);
			name = LaunchScreen.storyboard;
			sourceTree = "<group>";
		};
/* End PBXVariantGroup section */

/* Begin XCBuildConfiguration section */
		042A8492242C624100F8DB3E /* Debug */ = {
			isa = XCBuildConfiguration;
			buildSettings = {
				ALWAYS_SEARCH_USER_PATHS = NO;
				CLANG_ANALYZER_NONNULL = YES;
				CLANG_ANALYZER_NUMBER_OBJECT_CONVERSION = YES_AGGRESSIVE;
				CLANG_CXX_LANGUAGE_STANDARD = "gnu++14";
				CLANG_CXX_LIBRARY = "libc++";
				CLANG_ENABLE_MODULES = YES;
				CLANG_ENABLE_OBJC_ARC = YES;
				CLANG_ENABLE_OBJC_WEAK = YES;
				CLANG_WARN_BLOCK_CAPTURE_AUTORELEASING = YES;
				CLANG_WARN_BOOL_CONVERSION = YES;
				CLANG_WARN_COMMA = YES;
				CLANG_WARN_CONSTANT_CONVERSION = YES;
				CLANG_WARN_DEPRECATED_OBJC_IMPLEMENTATIONS = YES;
				CLANG_WARN_DIRECT_OBJC_ISA_USAGE = YES_ERROR;
				CLANG_WARN_DOCUMENTATION_COMMENTS = YES;
				CLANG_WARN_EMPTY_BODY = YES;
				CLANG_WARN_ENUM_CONVERSION = YES;
				CLANG_WARN_INFINITE_RECURSION = YES;
				CLANG_WARN_INT_CONVERSION = YES;
				CLANG_WARN_NON_LITERAL_NULL_CONVERSION = YES;
				CLANG_WARN_OBJC_IMPLICIT_RETAIN_SELF = YES;
				CLANG_WARN_OBJC_LITERAL_CONVERSION = YES;
				CLANG_WARN_OBJC_ROOT_CLASS = YES_ERROR;
				CLANG_WARN_RANGE_LOOP_ANALYSIS = YES;
				CLANG_WARN_STRICT_PROTOTYPES = YES;
				CLANG_WARN_SUSPICIOUS_MOVE = YES;
				CLANG_WARN_UNGUARDED_AVAILABILITY = YES_AGGRESSIVE;
				CLANG_WARN_UNREACHABLE_CODE = YES;
				CLANG_WARN__DUPLICATE_METHOD_MATCH = YES;
				COPY_PHASE_STRIP = NO;
				DEBUG_INFORMATION_FORMAT = dwarf;
				ENABLE_STRICT_OBJC_MSGSEND = YES;
				ENABLE_TESTABILITY = YES;
				GCC_C_LANGUAGE_STANDARD = gnu11;
				GCC_DYNAMIC_NO_PIC = NO;
				GCC_NO_COMMON_BLOCKS = YES;
				GCC_OPTIMIZATION_LEVEL = 0;
				GCC_PREPROCESSOR_DEFINITIONS = (
					"DEBUG=1",
					"$(inherited)",
				);
				GCC_WARN_64_TO_32_BIT_CONVERSION = YES;
				GCC_WARN_ABOUT_RETURN_TYPE = YES_ERROR;
				GCC_WARN_UNDECLARED_SELECTOR = YES;
				GCC_WARN_UNINITIALIZED_AUTOS = YES_AGGRESSIVE;
				GCC_WARN_UNUSED_FUNCTION = YES;
				GCC_WARN_UNUSED_VARIABLE = YES;
				IPHONEOS_DEPLOYMENT_TARGET = 13.2;
				MTL_ENABLE_DEBUG_INFO = INCLUDE_SOURCE;
				MTL_FAST_MATH = YES;
				ONLY_ACTIVE_ARCH = YES;
				SDKROOT = iphoneos;
				SWIFT_ACTIVE_COMPILATION_CONDITIONS = DEBUG;
				SWIFT_OPTIMIZATION_LEVEL = "-Onone";
			};
			name = Debug;
		};
		042A8493242C624100F8DB3E /* Release */ = {
			isa = XCBuildConfiguration;
			buildSettings = {
				ALWAYS_SEARCH_USER_PATHS = NO;
				CLANG_ANALYZER_NONNULL = YES;
				CLANG_ANALYZER_NUMBER_OBJECT_CONVERSION = YES_AGGRESSIVE;
				CLANG_CXX_LANGUAGE_STANDARD = "gnu++14";
				CLANG_CXX_LIBRARY = "libc++";
				CLANG_ENABLE_MODULES = YES;
				CLANG_ENABLE_OBJC_ARC = YES;
				CLANG_ENABLE_OBJC_WEAK = YES;
				CLANG_WARN_BLOCK_CAPTURE_AUTORELEASING = YES;
				CLANG_WARN_BOOL_CONVERSION = YES;
				CLANG_WARN_COMMA = YES;
				CLANG_WARN_CONSTANT_CONVERSION = YES;
				CLANG_WARN_DEPRECATED_OBJC_IMPLEMENTATIONS = YES;
				CLANG_WARN_DIRECT_OBJC_ISA_USAGE = YES_ERROR;
				CLANG_WARN_DOCUMENTATION_COMMENTS = YES;
				CLANG_WARN_EMPTY_BODY = YES;
				CLANG_WARN_ENUM_CONVERSION = YES;
				CLANG_WARN_INFINITE_RECURSION = YES;
				CLANG_WARN_INT_CONVERSION = YES;
				CLANG_WARN_NON_LITERAL_NULL_CONVERSION = YES;
				CLANG_WARN_OBJC_IMPLICIT_RETAIN_SELF = YES;
				CLANG_WARN_OBJC_LITERAL_CONVERSION = YES;
				CLANG_WARN_OBJC_ROOT_CLASS = YES_ERROR;
				CLANG_WARN_RANGE_LOOP_ANALYSIS = YES;
				CLANG_WARN_STRICT_PROTOTYPES = YES;
				CLANG_WARN_SUSPICIOUS_MOVE = YES;
				CLANG_WARN_UNGUARDED_AVAILABILITY = YES_AGGRESSIVE;
				CLANG_WARN_UNREACHABLE_CODE = YES;
				CLANG_WARN__DUPLICATE_METHOD_MATCH = YES;
				COPY_PHASE_STRIP = NO;
				DEBUG_INFORMATION_FORMAT = "dwarf-with-dsym";
				ENABLE_NS_ASSERTIONS = NO;
				ENABLE_STRICT_OBJC_MSGSEND = YES;
				GCC_C_LANGUAGE_STANDARD = gnu11;
				GCC_NO_COMMON_BLOCKS = YES;
				GCC_WARN_64_TO_32_BIT_CONVERSION = YES;
				GCC_WARN_ABOUT_RETURN_TYPE = YES_ERROR;
				GCC_WARN_UNDECLARED_SELECTOR = YES;
				GCC_WARN_UNINITIALIZED_AUTOS = YES_AGGRESSIVE;
				GCC_WARN_UNUSED_FUNCTION = YES;
				GCC_WARN_UNUSED_VARIABLE = YES;
				IPHONEOS_DEPLOYMENT_TARGET = 13.2;
				MTL_ENABLE_DEBUG_INFO = NO;
				MTL_FAST_MATH = YES;
				SDKROOT = iphoneos;
				SWIFT_COMPILATION_MODE = wholemodule;
				SWIFT_OPTIMIZATION_LEVEL = "-O";
				VALIDATE_PRODUCT = YES;
			};
			name = Release;
		};
		042A8495242C624100F8DB3E /* Debug */ = {
			isa = XCBuildConfiguration;
			buildSettings = {
				ASSETCATALOG_COMPILER_APPICON_NAME = AppIcon;
				CODE_SIGN_STYLE = Automatic;
				DEVELOPMENT_TEAM = 2F38N7S42D;
				INFOPLIST_FILE = "AR-Measurement/Info.plist";
				LD_RUNPATH_SEARCH_PATHS = (
					"$(inherited)",
					"@executable_path/Frameworks",
				);
				PRODUCT_BUNDLE_IDENTIFIER = "com.avaneesh.AR-Measurement";
				PRODUCT_NAME = "$(TARGET_NAME)";
				SWIFT_VERSION = 5.0;
				TARGETED_DEVICE_FAMILY = "1,2";
			};
			name = Debug;
		};
		042A8496242C624100F8DB3E /* Release */ = {
			isa = XCBuildConfiguration;
			buildSettings = {
				ASSETCATALOG_COMPILER_APPICON_NAME = AppIcon;
				CODE_SIGN_STYLE = Automatic;
				DEVELOPMENT_TEAM = 2F38N7S42D;
				INFOPLIST_FILE = "AR-Measurement/Info.plist";
				LD_RUNPATH_SEARCH_PATHS = (
					"$(inherited)",
					"@executable_path/Frameworks",
				);
				PRODUCT_BUNDLE_IDENTIFIER = "com.avaneesh.AR-Measurement";
				PRODUCT_NAME = "$(TARGET_NAME)";
				SWIFT_VERSION = 5.0;
				TARGETED_DEVICE_FAMILY = "1,2";
			};
			name = Release;
		};
/* End XCBuildConfiguration section */

/* Begin XCConfigurationList section */
		042A847B242C623C00F8DB3E /* Build configuration list for PBXProject "AR-Measurement" */ = {
			isa = XCConfigurationList;
			buildConfigurations = (
				042A8492242C624100F8DB3E /* Debug */,
				042A8493242C624100F8DB3E /* Release */,
			);
			defaultConfigurationIsVisible = 0;
			defaultConfigurationName = Release;
		};
		042A8494242C624100F8DB3E /* Build configuration list for PBXNativeTarget "AR-Measurement" */ = {
			isa = XCConfigurationList;
			buildConfigurations = (
				042A8495242C624100F8DB3E /* Debug */,
				042A8496242C624100F8DB3E /* Release */,
			);
			defaultConfigurationIsVisible = 0;
			defaultConfigurationName = Release;
		};
/* End XCConfigurationList section */
	};
	rootObject = 042A8478242C623C00F8DB3E /* Project object */;
}
